
Microsoft Visual Studio Solution File, Format Version 12.00
# Visual Studio Version 17
VisualStudioVersion = 17.7.34221.43
MinimumVisualStudioVersion = 10.0.40219.1
Project("{FAE04EC0-301F-11D3-BF4B-00C04F79EFBC}") = "BGT_GORSEL_21Ara-1", "BGT_GORSEL_21Ara-1\BGT_GORSEL_21Ara-1.csproj", "{834B387B-70EF-4BDA-AB4C-095F1F39A482}"
EndProject
Global
	GlobalSection(SolutionConfigurationPlatforms) = preSolution
		Debug|Any CPU = Debug|Any CPU
		Release|Any CPU = Release|Any CPU
	EndGlobalSection
	GlobalSection(ProjectConfigurationPlatforms) = postSolution
		{834B387B-70EF-4BDA-AB4C-095F1F39A482}.Debug|Any CPU.ActiveCfg = Debug|Any CPU
		{834B387B-70EF-4BDA-AB4C-095F1F39A482}.Debug|Any CPU.Build.0 = Debug|Any CPU
		{834B387B-70EF-4BDA-AB4C-095F1F39A482}.Release|Any CPU.ActiveCfg = Release|Any CPU
		{834B387B-70EF-4BDA-AB4C-095F1F39A482}.Release|Any CPU.Build.0 = Release|Any CPU
	EndGlobalSection
	GlobalSection(SolutionProperties) = preSolution
		HideSolutionNode = FALSE
	EndGlobalSection
	GlobalSection(ExtensibilityGlobals) = postSolution
		SolutionGuid = {6401C0B7-190A-4A9D-9CF8-67FB55E0E226}
	EndGlobalSection
EndGlobal
